
Microsoft Visual Studio Solution File, Format Version 12.00
# Visual Studio Version 16
VisualStudioVersion = 16.0.30621.155
MinimumVisualStudioVersion = 10.0.40219.1
Project("{9A19103F-16F7-4668-BE54-9A1E7A4F7556}") = "EntityCreateBusinessObjectTest", "EntityCreateBusinessObjectTest\EntityCreateBusinessObjectTest.csproj", "{28D4A5BB-5C0D-41FE-A124-AA8AF4193404}"
EndProject
Global
	GlobalSection(SolutionConfigurationPlatforms) = preSolution
		Debug|Any CPU = Debug|Any CPU
		Release|Any CPU = Release|Any CPU
	EndGlobalSection
	GlobalSection(ProjectConfigurationPlatforms) = postSolution
		{28D4A5BB-5C0D-41FE-A124-AA8AF4193404}.Debug|Any CPU.ActiveCfg = Debug|Any CPU
		{28D4A5BB-5C0D-41FE-A124-AA8AF4193404}.Debug|Any CPU.Build.0 = Debug|Any CPU
		{28D4A5BB-5C0D-41FE-A124-AA8AF4193404}.Release|Any CPU.ActiveCfg = Release|Any CPU
		{28D4A5BB-5C0D-41FE-A124-AA8AF4193404}.Release|Any CPU.Build.0 = Release|Any CPU
	EndGlobalSection
	GlobalSection(SolutionProperties) = preSolution
		HideSolutionNode = FALSE
	EndGlobalSection
	GlobalSection(ExtensibilityGlobals) = postSolution
		SolutionGuid = {918E9EFD-9122-43EB-8122-448C546080E1}
	EndGlobalSection
EndGlobal
